
Microsoft Visual Studio Solution File, Format Version 12.00
# Visual Studio 15
VisualStudioVersion = 15.0.26124.0
MinimumVisualStudioVersion = 15.0.26124.0
Project("{2150E333-8FDC-42A3-9474-1A3956D46DE8}") = "src", "src", "{DF1110B5-2902-4F12-81C1-B0E3B3D09CC1}"
EndProject
Project("{FAE04EC0-301F-11D3-BF4B-00C04F79EFBC}") = "EsmeraldaPlus.Core", "src\EsmeraldaPlus.Core\EsmeraldaPlus.Core.csproj", "{4AC9F8C9-7593-441C-917F-E2DC66543548}"
EndProject
Project("{FAE04EC0-301F-11D3-BF4B-00C04F79EFBC}") = "EsmeraldaPlus.Infrastructure", "src\EsmeraldaPlus.Infrastructure\EsmeraldaPlus.Infrastructure.csproj", "{D7148DE2-2F3C-44E2-8DD9-9442C7DB31A4}"
EndProject
Project("{FAE04EC0-301F-11D3-BF4B-00C04F79EFBC}") = "EsmeraldaPlus.Web", "src\EsmeraldaPlus.Web\EsmeraldaPlus.Web.csproj", "{7111F96C-A868-43FA-A2BF-A8E4303A73A5}"
EndProject
Global
	GlobalSection(SolutionConfigurationPlatforms) = preSolution
		Debug|Any CPU = Debug|Any CPU
		Debug|x64 = Debug|x64
		Debug|x86 = Debug|x86
		Release|Any CPU = Release|Any CPU
		Release|x64 = Release|x64
		Release|x86 = Release|x86
	EndGlobalSection
	GlobalSection(SolutionProperties) = preSolution
		HideSolutionNode = FALSE
	EndGlobalSection
	GlobalSection(ProjectConfigurationPlatforms) = postSolution
		{4AC9F8C9-7593-441C-917F-E2DC66543548}.Debug|Any CPU.ActiveCfg = Debug|Any CPU
		{4AC9F8C9-7593-441C-917F-E2DC66543548}.Debug|Any CPU.Build.0 = Debug|Any CPU
		{4AC9F8C9-7593-441C-917F-E2DC66543548}.Debug|x64.ActiveCfg = Debug|Any CPU
		{4AC9F8C9-7593-441C-917F-E2DC66543548}.Debug|x64.Build.0 = Debug|Any CPU
		{4AC9F8C9-7593-441C-917F-E2DC66543548}.Debug|x86.ActiveCfg = Debug|Any CPU
		{4AC9F8C9-7593-441C-917F-E2DC66543548}.Debug|x86.Build.0 = Debug|Any CPU
		{4AC9F8C9-7593-441C-917F-E2DC66543548}.Release|Any CPU.ActiveCfg = Release|Any CPU
		{4AC9F8C9-7593-441C-917F-E2DC66543548}.Release|Any CPU.Build.0 = Release|Any CPU
		{4AC9F8C9-7593-441C-917F-E2DC66543548}.Release|x64.ActiveCfg = Release|Any CPU
		{4AC9F8C9-7593-441C-917F-E2DC66543548}.Release|x64.Build.0 = Release|Any CPU
		{4AC9F8C9-7593-441C-917F-E2DC66543548}.Release|x86.ActiveCfg = Release|Any CPU
		{4AC9F8C9-7593-441C-917F-E2DC66543548}.Release|x86.Build.0 = Release|Any CPU
		{D7148DE2-2F3C-44E2-8DD9-9442C7DB31A4}.Debug|Any CPU.ActiveCfg = Debug|Any CPU
		{D7148DE2-2F3C-44E2-8DD9-9442C7DB31A4}.Debug|Any CPU.Build.0 = Debug|Any CPU
		{D7148DE2-2F3C-44E2-8DD9-9442C7DB31A4}.Debug|x64.ActiveCfg = Debug|Any CPU
		{D7148DE2-2F3C-44E2-8DD9-9442C7DB31A4}.Debug|x64.Build.0 = Debug|Any CPU
		{D7148DE2-2F3C-44E2-8DD9-9442C7DB31A4}.Debug|x86.ActiveCfg = Debug|Any CPU
		{D7148DE2-2F3C-44E2-8DD9-9442C7DB31A4}.Debug|x86.Build.0 = Debug|Any CPU
		{D7148DE2-2F3C-44E2-8DD9-9442C7DB31A4}.Release|Any CPU.ActiveCfg = Release|Any CPU
		{D7148DE2-2F3C-44E2-8DD9-9442C7DB31A4}.Release|Any CPU.Build.0 = Release|Any CPU
		{D7148DE2-2F3C-44E2-8DD9-9442C7DB31A4}.Release|x64.ActiveCfg = Release|Any CPU
		{D7148DE2-2F3C-44E2-8DD9-9442C7DB31A4}.Release|x64.Build.0 = Release|Any CPU
		{D7148DE2-2F3C-44E2-8DD9-9442C7DB31A4}.Release|x86.ActiveCfg = Release|Any CPU
		{D7148DE2-2F3C-44E2-8DD9-9442C7DB31A4}.Release|x86.Build.0 = Release|Any CPU
		{7111F96C-A868-43FA-A2BF-A8E4303A73A5}.Debug|Any CPU.ActiveCfg = Debug|Any CPU
		{7111F96C-A868-43FA-A2BF-A8E4303A73A5}.Debug|Any CPU.Build.0 = Debug|Any CPU
		{7111F96C-A868-43FA-A2BF-A8E4303A73A5}.Debug|x64.ActiveCfg = Debug|Any CPU
		{7111F96C-A868-43FA-A2BF-A8E4303A73A5}.Debug|x64.Build.0 = Debug|Any CPU
		{7111F96C-A868-43FA-A2BF-A8E4303A73A5}.Debug|x86.ActiveCfg = Debug|Any CPU
		{7111F96C-A868-43FA-A2BF-A8E4303A73A5}.Debug|x86.Build.0 = Debug|Any CPU
		{7111F96C-A868-43FA-A2BF-A8E4303A73A5}.Release|Any CPU.ActiveCfg = Release|Any CPU
		{7111F96C-A868-43FA-A2BF-A8E4303A73A5}.Release|Any CPU.Build.0 = Release|Any CPU
		{7111F96C-A868-43FA-A2BF-A8E4303A73A5}.Release|x64.ActiveCfg = Release|Any CPU
		{7111F96C-A868-43FA-A2BF-A8E4303A73A5}.Release|x64.Build.0 = Release|Any CPU
		{7111F96C-A868-43FA-A2BF-A8E4303A73A5}.Release|x86.ActiveCfg = Release|Any CPU
		{7111F96C-A868-43FA-A2BF-A8E4303A73A5}.Release|x86.Build.0 = Release|Any CPU
	EndGlobalSection
	GlobalSection(NestedProjects) = preSolution
		{4AC9F8C9-7593-441C-917F-E2DC66543548} = {DF1110B5-2902-4F12-81C1-B0E3B3D09CC1}
		{D7148DE2-2F3C-44E2-8DD9-9442C7DB31A4} = {DF1110B5-2902-4F12-81C1-B0E3B3D09CC1}
		{7111F96C-A868-43FA-A2BF-A8E4303A73A5} = {DF1110B5-2902-4F12-81C1-B0E3B3D09CC1}
	EndGlobalSection
EndGlobal
